
Microsoft Visual Studio Solution File, Format Version 12.00
# Visual Studio Version 16
VisualStudioVersion = 16.0.809.0
MinimumVisualStudioVersion = 10.0.40219.1
Project("{FAE04EC0-301F-11D3-BF4B-00C04F79EFBC}") = "QACore", "QACore\QACore.csproj", "{F4157FAA-4F0A-4398-863B-D2FE91B94132}"
EndProject
Project("{FAE04EC0-301F-11D3-BF4B-00C04F79EFBC}") = "QACoreTests", "QACoreTests\QACoreTests.csproj", "{6C03B380-81B8-442B-ADE1-9B91ACA5893A}"
EndProject
Project("{FAE04EC0-301F-11D3-BF4B-00C04F79EFBC}") = "Models", "Models\Models.csproj", "{DE725BF3-0B9F-4A56-9780-C11D5D2A13FF}"
EndProject
Project("{FAE04EC0-301F-11D3-BF4B-00C04F79EFBC}") = "ClientOneDesktopTests", "ClientOneDesktopTests\ClientOneDesktopTests.csproj", "{807878EA-C1B1-4044-875A-B822732F3C19}"
EndProject
Project("{2150E333-8FDC-42A3-9474-1A3956D46DE8}") = "01.Core", "01.Core", "{CC8B3155-A5DA-4923-8880-90B68548F3CB}"
EndProject
Project("{2150E333-8FDC-42A3-9474-1A3956D46DE8}") = "02.ClientOne", "02.ClientOne", "{19F06307-095C-46F5-9151-14736DDD02E1}"
EndProject
Global
	GlobalSection(SolutionConfigurationPlatforms) = preSolution
		Debug|Any CPU = Debug|Any CPU
		Release|Any CPU = Release|Any CPU
	EndGlobalSection
	GlobalSection(ProjectConfigurationPlatforms) = postSolution
		{F4157FAA-4F0A-4398-863B-D2FE91B94132}.Debug|Any CPU.ActiveCfg = Debug|Any CPU
		{F4157FAA-4F0A-4398-863B-D2FE91B94132}.Debug|Any CPU.Build.0 = Debug|Any CPU
		{F4157FAA-4F0A-4398-863B-D2FE91B94132}.Release|Any CPU.ActiveCfg = Release|Any CPU
		{F4157FAA-4F0A-4398-863B-D2FE91B94132}.Release|Any CPU.Build.0 = Release|Any CPU
		{6C03B380-81B8-442B-ADE1-9B91ACA5893A}.Debug|Any CPU.ActiveCfg = Debug|Any CPU
		{6C03B380-81B8-442B-ADE1-9B91ACA5893A}.Debug|Any CPU.Build.0 = Debug|Any CPU
		{6C03B380-81B8-442B-ADE1-9B91ACA5893A}.Release|Any CPU.ActiveCfg = Release|Any CPU
		{6C03B380-81B8-442B-ADE1-9B91ACA5893A}.Release|Any CPU.Build.0 = Release|Any CPU
		{DE725BF3-0B9F-4A56-9780-C11D5D2A13FF}.Debug|Any CPU.ActiveCfg = Debug|Any CPU
		{DE725BF3-0B9F-4A56-9780-C11D5D2A13FF}.Debug|Any CPU.Build.0 = Debug|Any CPU
		{DE725BF3-0B9F-4A56-9780-C11D5D2A13FF}.Release|Any CPU.ActiveCfg = Release|Any CPU
		{DE725BF3-0B9F-4A56-9780-C11D5D2A13FF}.Release|Any CPU.Build.0 = Release|Any CPU
		{807878EA-C1B1-4044-875A-B822732F3C19}.Debug|Any CPU.ActiveCfg = Debug|Any CPU
		{807878EA-C1B1-4044-875A-B822732F3C19}.Debug|Any CPU.Build.0 = Debug|Any CPU
		{807878EA-C1B1-4044-875A-B822732F3C19}.Release|Any CPU.ActiveCfg = Release|Any CPU
		{807878EA-C1B1-4044-875A-B822732F3C19}.Release|Any CPU.Build.0 = Release|Any CPU
	EndGlobalSection
	GlobalSection(SolutionProperties) = preSolution
		HideSolutionNode = FALSE
	EndGlobalSection
	GlobalSection(ExtensibilityGlobals) = postSolution
		SolutionGuid = {FD659942-2C9D-4A5B-9333-DFB8A4D1B517}
	EndGlobalSection
	GlobalSection(NestedProjects) = preSolution
		{807878EA-C1B1-4044-875A-B822732F3C19} = {19F06307-095C-46F5-9151-14736DDD02E1}
		{DE725BF3-0B9F-4A56-9780-C11D5D2A13FF} = {CC8B3155-A5DA-4923-8880-90B68548F3CB}
		{F4157FAA-4F0A-4398-863B-D2FE91B94132} = {CC8B3155-A5DA-4923-8880-90B68548F3CB}
		{6C03B380-81B8-442B-ADE1-9B91ACA5893A} = {CC8B3155-A5DA-4923-8880-90B68548F3CB}
	EndGlobalSection
EndGlobal
